<Project ToolsVersion="4.0" xmlns="http://schemas.microsoft.com/developer/msbuild/2003">
  <ItemGroup>
    <Filter Include="Source Files">
      <UniqueIdentifier>{4FC737F1-C7A5-4376-A066-2A32D752A2FF}</UniqueIdentifier>
      <Extensions>cpp;c;cc;cxx;def;odl;idl;hpj;bat;asm;asmx</Extensions>
    </Filter>
    <Filter Include="Header Files">
      <UniqueIdentifier>{93995380-89BD-4b04-88EB-625FBE52EBFB}</UniqueIdentifier>
      <Extensions>h;hpp;hxx;hm;inl;inc;xsd</Extensions>
    </Filter>
    <Filter Include="Resource Files">
      <UniqueIdentifier>{67DA6AB6-F800-4c08-8B7A-83BB121AAD01}</UniqueIdentifier>
      <Extensions>rc;ico;cur;bmp;dlg;rc2;rct;bin;rgs;gif;jpg;jpeg;jpe;resx;tiff;tif;png;wav</Extensions>
    </Filter>
    <Filter Include="Blocks">
      <UniqueIdentifier>{9148FE61-77E8-45C3-8BD0-E0C34A370915}</UniqueIdentifier>
    </Filter>
    <Filter Include="Blocks\Midi2">
      <UniqueIdentifier>{1217CA2A-535A-4D8E-81D4-AD27820359AB}</UniqueIdentifier>
    </Filter>
    <Filter Include="Blocks\Midi2\include">
      <UniqueIdentifier>{5AC94E61-C28B-4705-9101-2A4766944ABC}</UniqueIdentifier>
    </Filter>
    <Filter Include="Blocks\Midi2\lib">
      <UniqueIdentifier>{9A142B50-7EBE-4F85-A25A-6EE88EFC7665}</UniqueIdentifier>
    </Filter>
    <Filter Include="Blocks\Midi2\src">
      <UniqueIdentifier>{954DCC1E-A4AA-462E-A7CE-E664B8279A71}</UniqueIdentifier>
    </Filter>
    <Filter Include="Blocks\Cinder-SDA">
      <UniqueIdentifier>{6C631D91-C72B-44D5-9D30-52F0273952AE}</UniqueIdentifier>
    </Filter>
    <Filter Include="Blocks\Cinder-SDA\include">
      <UniqueIdentifier>{053B5FD1-CCBB-4DC2-9652-433576F4282F}</UniqueIdentifier>
    </Filter>
    <Filter Include="Blocks\Cinder-SDA\src">
      <UniqueIdentifier>{2B5128EC-16C7-4BB2-95D1-E7840B764D31}</UniqueIdentifier>
    </Filter>
    <Filter Include="Blocks\Cinder-WebSocketPP">
      <UniqueIdentifier>{42373485-AAFE-4561-BAC4-E727391C9265}</UniqueIdentifier>
    </Filter>
    <Filter Include="Blocks\Cinder-WebSocketPP\src">
      <UniqueIdentifier>{BFFC0587-A17D-4E4B-B4E9-285102B86479}</UniqueIdentifier>
    </Filter>
    <Filter Include="Blocks\CinderFluid">
      <UniqueIdentifier>{F5279882-B0C1-4226-88BC-1FCBFF733C2B}</UniqueIdentifier>
    </Filter>
    <Filter Include="Blocks\CinderFluid\src">
      <UniqueIdentifier>{3E8FB803-92C5-4444-AF17-B1AC006CA37E}</UniqueIdentifier>
    </Filter>
    <Filter Include="Blocks\CinderFluid\src\cinderfx">
      <UniqueIdentifier>{8FFC6C6D-6AF1-4BDE-A801-54F211D75DB7}</UniqueIdentifier>
    </Filter>
    <Filter Include="assets">
      <UniqueIdentifier>{e731edd0-bc70-42ac-a182-444cc05d6e2b}</UniqueIdentifier>
    </Filter>
    <Filter Include="debug">
      <UniqueIdentifier>{9663dab9-4f44-44e1-97d2-0b1ffe692884}</UniqueIdentifier>
    </Filter>
    <Filter Include="release">
      <UniqueIdentifier>{426659f0-ad59-464c-9c55-457ec542d26d}</UniqueIdentifier>
    </Filter>
  </ItemGroup>
  <ItemGroup>
    <ClCompile Include="..\src\FluidApp.cpp">
      <Filter>Source Files</Filter>
    </ClCompile>
    <ClInclude Include="..\include\Resources.h">
      <Filter>Header Files</Filter>
    </ClInclude>
    <ClCompile Include="..\src\FluidApp.cpp">
      <Filter>Source Files</Filter>
    </ClCompile>
    <ClInclude Include="..\..\..\Cinder\blocks\Cinder-MIDI2\include\MidiConstants.h">
      <Filter>Blocks\Midi2\include</Filter>
    </ClInclude>
    <ClInclude Include="..\..\..\Cinder\blocks\Cinder-MIDI2\include\MidiExceptions.h">
      <Filter>Blocks\Midi2\include</Filter>
    </ClInclude>
    <ClInclude Include="..\..\..\Cinder\blocks\Cinder-MIDI2\include\MidiHeaders.h">
      <Filter>Blocks\Midi2\include</Filter>
    </ClInclude>
    <ClInclude Include="..\..\..\Cinder\blocks\Cinder-MIDI2\include\MidiHub.h">
      <Filter>Blocks\Midi2\include</Filter>
    </ClInclude>
    <ClInclude Include="..\..\..\Cinder\blocks\Cinder-MIDI2\include\MidiIn.h">
      <Filter>Blocks\Midi2\include</Filter>
    </ClInclude>
    <ClInclude Include="..\..\..\Cinder\blocks\Cinder-MIDI2\include\MidiMessage.h">
      <Filter>Blocks\Midi2\include</Filter>
    </ClInclude>
    <ClInclude Include="..\..\..\Cinder\blocks\Cinder-MIDI2\include\MidiOut.h">
      <Filter>Blocks\Midi2\include</Filter>
    </ClInclude>
    <ClInclude Include="..\..\..\Cinder\blocks\Cinder-MIDI2\lib\RtError.h">
      <Filter>Blocks\Midi2\lib</Filter>
    </ClInclude>
    <ClInclude Include="..\..\..\Cinder\blocks\Cinder-MIDI2\lib\RtMidi.h">
      <Filter>Blocks\Midi2\lib</Filter>
    </ClInclude>
    <ClCompile Include="..\..\..\Cinder\blocks\Cinder-MIDI2\src\MidiHub.cpp">
      <Filter>Blocks\Midi2\src</Filter>
    </ClCompile>
    <ClCompile Include="..\..\..\Cinder\blocks\Cinder-MIDI2\src\MidiIn.cpp">
      <Filter>Blocks\Midi2\src</Filter>
    </ClCompile>
    <ClCompile Include="..\..\..\Cinder\blocks\Cinder-MIDI2\src\MidiMessage.cpp">
      <Filter>Blocks\Midi2\src</Filter>
    </ClCompile>
    <ClCompile Include="..\..\..\Cinder\blocks\Cinder-MIDI2\src\MidiOut.cpp">
      <Filter>Blocks\Midi2\src</Filter>
    </ClCompile>
    <ClCompile Include="..\..\..\Cinder\blocks\Cinder-MIDI2\lib\RtMidi.cpp">
      <Filter>Blocks\Midi2\lib</Filter>
    </ClCompile>
    <ClInclude Include="..\..\..\Cinder\blocks\Cinder-SDA\include\LiveParam.h">
      <Filter>Blocks\Cinder-SDA\include</Filter>
    </ClInclude>
    <ClInclude Include="..\..\..\Cinder\blocks\Cinder-SDA\include\SDAAnimation.h">
      <Filter>Blocks\Cinder-SDA\include</Filter>
    </ClInclude>
    <ClInclude Include="..\..\..\Cinder\blocks\Cinder-SDA\include\SDAFbo.h">
      <Filter>Blocks\Cinder-SDA\include</Filter>
    </ClInclude>
    <ClInclude Include="..\..\..\Cinder\blocks\Cinder-SDA\include\SDALog.h">
      <Filter>Blocks\Cinder-SDA\include</Filter>
    </ClInclude>
    <ClInclude Include="..\..\..\Cinder\blocks\Cinder-SDA\include\SDAMix.h">
      <Filter>Blocks\Cinder-SDA\include</Filter>
    </ClInclude>
    <ClInclude Include="..\..\..\Cinder\blocks\Cinder-SDA\include\SDARouter.h">
      <Filter>Blocks\Cinder-SDA\include</Filter>
    </ClInclude>
    <ClInclude Include="..\..\..\Cinder\blocks\Cinder-SDA\include\SDASession.h">
      <Filter>Blocks\Cinder-SDA\include</Filter>
    </ClInclude>
    <ClInclude Include="..\..\..\Cinder\blocks\Cinder-SDA\include\SDASettings.h">
      <Filter>Blocks\Cinder-SDA\include</Filter>
    </ClInclude>
    <ClInclude Include="..\..\..\Cinder\blocks\Cinder-SDA\include\SDAShader.h">
      <Filter>Blocks\Cinder-SDA\include</Filter>
    </ClInclude>
    <ClInclude Include="..\..\..\Cinder\blocks\Cinder-SDA\include\SDATexture.h">
      <Filter>Blocks\Cinder-SDA\include</Filter>
    </ClInclude>
    <ClInclude Include="..\..\..\Cinder\blocks\Cinder-SDA\include\SDAUtils.h">
      <Filter>Blocks\Cinder-SDA\include</Filter>
    </ClInclude>
    <ClInclude Include="..\..\..\Cinder\blocks\Cinder-SDA\include\SDAWebsocket.h">
      <Filter>Blocks\Cinder-SDA\include</Filter>
    </ClInclude>
    <ClInclude Include="..\..\..\Cinder\blocks\Cinder-SDA\include\Watchdog.h">
      <Filter>Blocks\Cinder-SDA\include</Filter>
    </ClInclude>
    <ClCompile Include="..\..\..\Cinder\blocks\Cinder-SDA\src\LiveParam.cpp">
      <Filter>Blocks\Cinder-SDA\src</Filter>
    </ClCompile>
    <ClCompile Include="..\..\..\Cinder\blocks\Cinder-SDA\src\SDAAnimation.cpp">
      <Filter>Blocks\Cinder-SDA\src</Filter>
    </ClCompile>
    <ClCompile Include="..\..\..\Cinder\blocks\Cinder-SDA\src\SDAFbo.cpp">
      <Filter>Blocks\Cinder-SDA\src</Filter>
    </ClCompile>
    <ClCompile Include="..\..\..\Cinder\blocks\Cinder-SDA\src\SDALog.cpp">
      <Filter>Blocks\Cinder-SDA\src</Filter>
    </ClCompile>
    <ClCompile Include="..\..\..\Cinder\blocks\Cinder-SDA\src\SDAMix.cpp">
      <Filter>Blocks\Cinder-SDA\src</Filter>
    </ClCompile>
    <ClCompile Include="..\..\..\Cinder\blocks\Cinder-SDA\src\SDARouter.cpp">
      <Filter>Blocks\Cinder-SDA\src</Filter>
    </ClCompile>
    <ClCompile Include="..\..\..\Cinder\blocks\Cinder-SDA\src\SDASession.cpp">
      <Filter>Blocks\Cinder-SDA\src</Filter>
    </ClCompile>
    <ClCompile Include="..\..\..\Cinder\blocks\Cinder-SDA\src\SDASettings.cpp">
      <Filter>Blocks\Cinder-SDA\src</Filter>
    </ClCompile>
    <ClCompile Include="..\..\..\Cinder\blocks\Cinder-SDA\src\SDAShader.cpp">
      <Filter>Blocks\Cinder-SDA\src</Filter>
    </ClCompile>
    <ClCompile Include="..\..\..\Cinder\blocks\Cinder-SDA\src\SDATexture.cpp">
      <Filter>Blocks\Cinder-SDA\src</Filter>
    </ClCompile>
    <ClCompile Include="..\..\..\Cinder\blocks\Cinder-SDA\src\SDAUtils.cpp">
      <Filter>Blocks\Cinder-SDA\src</Filter>
    </ClCompile>
    <ClCompile Include="..\..\..\Cinder\blocks\Cinder-SDA\src\SDAWebsocket.cpp">
      <Filter>Blocks\Cinder-SDA\src</Filter>
    </ClCompile>
    <ClCompile Include="..\..\..\Cinder\blocks\Cinder-WebSocketPP\src\WebSocketClient.cpp">
      <Filter>Blocks\Cinder-WebSocketPP\src</Filter>
    </ClCompile>
    <ClCompile Include="..\..\..\Cinder\blocks\Cinder-WebSocketPP\src\WebSocketConnection.cpp">
      <Filter>Blocks\Cinder-WebSocketPP\src</Filter>
    </ClCompile>
    <ClCompile Include="..\..\..\Cinder\blocks\Cinder-WebSocketPP\src\WebSocketServer.cpp">
      <Filter>Blocks\Cinder-WebSocketPP\src</Filter>
    </ClCompile>
    <ClInclude Include="..\..\..\Cinder\blocks\Cinder-WebSocketPP\src\WebSocketClient.h">
      <Filter>Blocks\Cinder-WebSocketPP\src</Filter>
    </ClInclude>
    <ClInclude Include="..\..\..\Cinder\blocks\Cinder-WebSocketPP\src\WebSocketConnection.h">
      <Filter>Blocks\Cinder-WebSocketPP\src</Filter>
    </ClInclude>
    <ClInclude Include="..\..\..\Cinder\blocks\Cinder-WebSocketPP\src\WebSocketServer.h">
      <Filter>Blocks\Cinder-WebSocketPP\src</Filter>
    </ClInclude>
    <ClCompile Include="..\..\..\Cinder\blocks\CinderFx\src\cinderfx\Fluid2D.cpp">
      <Filter>Blocks\CinderFluid\src\cinderfx</Filter>
    </ClCompile>
    <ClInclude Include="..\..\..\Cinder\blocks\CinderFx\src\cinderfx\Clamp.h">
      <Filter>Blocks\CinderFluid\src\cinderfx</Filter>
    </ClInclude>
    <ClInclude Include="..\..\..\Cinder\blocks\CinderFx\src\cinderfx\Fluid2D.h">
      <Filter>Blocks\CinderFluid\src\cinderfx</Filter>
    </ClInclude>
    <ClInclude Include="..\..\..\Cinder\blocks\CinderFx\src\cinderfx\Grid.h">
      <Filter>Blocks\CinderFluid\src\cinderfx</Filter>
    </ClInclude>
  </ItemGroup>
  <ItemGroup>
    <ClInclude Include="..\include\Resources.h">
      <Filter>Header Files</Filter>
    </ClInclude>
  </ItemGroup>
  <ItemGroup>
    <ResourceCompile Include="Resources.rc">
      <Filter>Resource Files</Filter>
    </ResourceCompile>
  </ItemGroup>
  <ItemGroup>
    <None Include="..\assets\uniforms.json">
      <Filter>assets</Filter>
    </None>
  </ItemGroup>
  <ItemGroup>
    <Xml Include="build\Win32\Debug\SDASettings.xml">
      <Filter>debug</Filter>
    </Xml>
    <Xml Include="build\Win32\Release\SDASettings.xml">
      <Filter>release</Filter>
    </Xml>
  </ItemGroup>
</Project>